
Microsoft Visual Studio Solution File, Format Version 12.00
# Visual Studio Version 17
VisualStudioVersion = 17.0.31903.59
MinimumVisualStudioVersion = 10.0.40219.1
Project("{FAE04EC0-301F-11D3-BF4B-00C04F79EFBC}") = "SpecFlow.WebApi", "src\SpecFlow.WebApi\SpecFlow.WebApi.csproj", "{F30A4D42-127F-47D7-A743-381E1C97205D}"
EndProject
Project("{FAE04EC0-301F-11D3-BF4B-00C04F79EFBC}") = "SpecFlow.WebApi.Test", "test\SpecFlow.WebApi.Test\SpecFlow.WebApi.Test.csproj", "{895D40BC-074D-4A29-AA4F-73825C8450E8}"
EndProject
Global
	GlobalSection(SolutionConfigurationPlatforms) = preSolution
		Debug|Any CPU = Debug|Any CPU
		Release|Any CPU = Release|Any CPU
	EndGlobalSection
	GlobalSection(ProjectConfigurationPlatforms) = postSolution
		{F30A4D42-127F-47D7-A743-381E1C97205D}.Debug|Any CPU.ActiveCfg = Debug|Any CPU
		{F30A4D42-127F-47D7-A743-381E1C97205D}.Debug|Any CPU.Build.0 = Debug|Any CPU
		{F30A4D42-127F-47D7-A743-381E1C97205D}.Release|Any CPU.ActiveCfg = Release|Any CPU
		{F30A4D42-127F-47D7-A743-381E1C97205D}.Release|Any CPU.Build.0 = Release|Any CPU
		{895D40BC-074D-4A29-AA4F-73825C8450E8}.Debug|Any CPU.ActiveCfg = Debug|Any CPU
		{895D40BC-074D-4A29-AA4F-73825C8450E8}.Debug|Any CPU.Build.0 = Debug|Any CPU
		{895D40BC-074D-4A29-AA4F-73825C8450E8}.Release|Any CPU.ActiveCfg = Release|Any CPU
		{895D40BC-074D-4A29-AA4F-73825C8450E8}.Release|Any CPU.Build.0 = Release|Any CPU
	EndGlobalSection
	GlobalSection(SolutionProperties) = preSolution
		HideSolutionNode = FALSE
	EndGlobalSection
	GlobalSection(ExtensibilityGlobals) = postSolution
		SolutionGuid = {DC94F2B4-B219-4BC3-9111-58867CA4DE3E}
	EndGlobalSection
EndGlobal
